
Microsoft Visual Studio Solution File, Format Version 12.00
# Visual Studio Version 16
VisualStudioVersion = 16.0.30523.141
MinimumVisualStudioVersion = 10.0.40219.1
Project("{8BC9CEB8-8B4A-11D0-8D11-00A0C91BC942}") = "PlayToyStory", "PlayToyStory.vcxproj", "{E4DC6FAB-BBBE-4B0A-A553-93A1A1DA561D}"
EndProject
Project("{54435603-DBB4-11D2-8724-00A0C9A8B90C}") = "PlayToyStory_Installer", "..\PlayToyStory_Installer\PlayToyStory_Installer.vdproj", "{E33408FE-68D3-4781-841F-9185193228D0}"
EndProject
Global
	GlobalSection(SolutionConfigurationPlatforms) = preSolution
		Debug|x64 = Debug|x64
		Debug|x86 = Debug|x86
		Release|x64 = Release|x64
		Release|x86 = Release|x86
	EndGlobalSection
	GlobalSection(ProjectConfigurationPlatforms) = postSolution
		{E4DC6FAB-BBBE-4B0A-A553-93A1A1DA561D}.Debug|x64.ActiveCfg = Debug|x64
		{E4DC6FAB-BBBE-4B0A-A553-93A1A1DA561D}.Debug|x64.Build.0 = Debug|x64
		{E4DC6FAB-BBBE-4B0A-A553-93A1A1DA561D}.Debug|x86.ActiveCfg = Debug|Win32
		{E4DC6FAB-BBBE-4B0A-A553-93A1A1DA561D}.Debug|x86.Build.0 = Debug|Win32
		{E4DC6FAB-BBBE-4B0A-A553-93A1A1DA561D}.Release|x64.ActiveCfg = Release|x64
		{E4DC6FAB-BBBE-4B0A-A553-93A1A1DA561D}.Release|x64.Build.0 = Release|x64
		{E4DC6FAB-BBBE-4B0A-A553-93A1A1DA561D}.Release|x86.ActiveCfg = Release|Win32
		{E4DC6FAB-BBBE-4B0A-A553-93A1A1DA561D}.Release|x86.Build.0 = Release|Win32
		{E33408FE-68D3-4781-841F-9185193228D0}.Debug|x64.ActiveCfg = Debug
		{E33408FE-68D3-4781-841F-9185193228D0}.Debug|x86.ActiveCfg = Debug
		{E33408FE-68D3-4781-841F-9185193228D0}.Release|x64.ActiveCfg = Release
		{E33408FE-68D3-4781-841F-9185193228D0}.Release|x86.ActiveCfg = Release
	EndGlobalSection
	GlobalSection(SolutionProperties) = preSolution
		HideSolutionNode = FALSE
	EndGlobalSection
	GlobalSection(ExtensibilityGlobals) = postSolution
		SolutionGuid = {D421B6B7-506A-4879-95DD-45D37637BA62}
	EndGlobalSection
EndGlobal
